// !$*UTF8*$!
{
	archiveVersion = 1;
	classes = {
	};
	objectVersion = 50;
	objects = {

/* Begin PBXBuildFile section */
		19251A3721629FE700098BCF /* testBinary.txt in Resources */ = {isa = PBXBuildFile; fileRef = 19251A3621629FE700098BCF /* testBinary.txt */; };
		19251A382162A98200098BCF /* testAssembly.txt in Resources */ = {isa = PBXBuildFile; fileRef = 199DC48C21629EDE00C679F2 /* testAssembly.txt */; };
		193DC27E215BFBA200A8E445 /* main.swift in Sources */ = {isa = PBXBuildFile; fileRef = 193DC27D215BFBA200A8E445 /* main.swift */; };
		1948A2C2215F8277007AEAB2 /* CommandTests.swift in Sources */ = {isa = PBXBuildFile; fileRef = 1948A2C1215F8277007AEAB2 /* CommandTests.swift */; };
		19561A9C215C15D600D19CA9 /* Parser.swift in Sources */ = {isa = PBXBuildFile; fileRef = 19561A9B215C15D600D19CA9 /* Parser.swift */; };
		19561AA4215C178E00D19CA9 /* ParserTests.swift in Sources */ = {isa = PBXBuildFile; fileRef = 19561AA3215C178E00D19CA9 /* ParserTests.swift */; };
		197B866B215C5B0B0046BC3B /* Parser.swift in Sources */ = {isa = PBXBuildFile; fileRef = 19561A9B215C15D600D19CA9 /* Parser.swift */; };
		197B8674215EDE9C0046BC3B /* Command.swift in Sources */ = {isa = PBXBuildFile; fileRef = 197B8673215EDE9C0046BC3B /* Command.swift */; };
		197B8675215EDF160046BC3B /* Command.swift in Sources */ = {isa = PBXBuildFile; fileRef = 197B8673215EDE9C0046BC3B /* Command.swift */; };
		19B3D9F9215FA1FF0021665E /* Code.swift in Sources */ = {isa = PBXBuildFile; fileRef = 19B3D9F8215FA1FF0021665E /* Code.swift */; };
		19B3D9FB215FA21E0021665E /* CodeTests.swift in Sources */ = {isa = PBXBuildFile; fileRef = 19B3D9FA215FA21E0021665E /* CodeTests.swift */; };
		19B3D9FC215FF2880021665E /* Code.swift in Sources */ = {isa = PBXBuildFile; fileRef = 19B3D9F8215FA1FF0021665E /* Code.swift */; };
		19B3D9FE216005F60021665E /* IOManager.swift in Sources */ = {isa = PBXBuildFile; fileRef = 19B3D9FD216005F60021665E /* IOManager.swift */; };
		19B3DA01216006510021665E /* IOManager.swift in Sources */ = {isa = PBXBuildFile; fileRef = 19B3D9FD216005F60021665E /* IOManager.swift */; };
/* End PBXBuildFile section */

/* Begin PBXCopyFilesBuildPhase section */
		193DC278215BFBA200A8E445 /* CopyFiles */ = {
			isa = PBXCopyFilesBuildPhase;
			buildActionMask = 2147483647;
			dstPath = /usr/share/man/man1/;
			dstSubfolderSpec = 0;
			files = (
			);
			runOnlyForDeploymentPostprocessing = 1;
		};
/* End PBXCopyFilesBuildPhase section */

/* Begin PBXFileReference section */
		19251A3621629FE700098BCF /* testBinary.txt */ = {isa = PBXFileReference; fileEncoding = 4; lastKnownFileType = text; path = testBinary.txt; sourceTree = "<group>"; };
		193DC27A215BFBA200A8E445 /* assembler */ = {isa = PBXFileReference; explicitFileType = "compiled.mach-o.executable"; includeInIndex = 0; path = assembler; sourceTree = BUILT_PRODUCTS_DIR; };
		193DC27D215BFBA200A8E445 /* main.swift */ = {isa = PBXFileReference; lastKnownFileType = sourcecode.swift; path = main.swift; sourceTree = "<group>"; };
		1948A2C1215F8277007AEAB2 /* CommandTests.swift */ = {isa = PBXFileReference; lastKnownFileType = sourcecode.swift; path = CommandTests.swift; sourceTree = "<group>"; };
		19561A9B215C15D600D19CA9 /* Parser.swift */ = {isa = PBXFileReference; fileEncoding = 4; lastKnownFileType = sourcecode.swift; path = Parser.swift; sourceTree = "<group>"; };
		19561AA1215C178E00D19CA9 /* AssemblerTests.xctest */ = {isa = PBXFileReference; explicitFileType = wrapper.cfbundle; includeInIndex = 0; path = AssemblerTests.xctest; sourceTree = BUILT_PRODUCTS_DIR; };
		19561AA3215C178E00D19CA9 /* ParserTests.swift */ = {isa = PBXFileReference; lastKnownFileType = sourcecode.swift; path = ParserTests.swift; sourceTree = "<group>"; };
		19561AA5215C178E00D19CA9 /* Info.plist */ = {isa = PBXFileReference; lastKnownFileType = text.plist.xml; path = Info.plist; sourceTree = "<group>"; };
		197B8673215EDE9C0046BC3B /* Command.swift */ = {isa = PBXFileReference; lastKnownFileType = sourcecode.swift; path = Command.swift; sourceTree = "<group>"; };
		199DC48C21629EDE00C679F2 /* testAssembly.txt */ = {isa = PBXFileReference; lastKnownFileType = text; path = testAssembly.txt; sourceTree = "<group>"; };
		19B3D9F8215FA1FF0021665E /* Code.swift */ = {isa = PBXFileReference; lastKnownFileType = sourcecode.swift; path = Code.swift; sourceTree = "<group>"; };
		19B3D9FA215FA21E0021665E /* CodeTests.swift */ = {isa = PBXFileReference; lastKnownFileType = sourcecode.swift; path = CodeTests.swift; sourceTree = "<group>"; };
		19B3D9FD216005F60021665E /* IOManager.swift */ = {isa = PBXFileReference; lastKnownFileType = sourcecode.swift; path = IOManager.swift; sourceTree = "<group>"; };
/* End PBXFileReference section */

/* Begin PBXFrameworksBuildPhase section */
		193DC277215BFBA200A8E445 /* Frameworks */ = {
			isa = PBXFrameworksBuildPhase;
			buildActionMask = 2147483647;
			files = (
			);
			runOnlyForDeploymentPostprocessing = 0;
		};
		19561A9E215C178E00D19CA9 /* Frameworks */ = {
			isa = PBXFrameworksBuildPhase;
			buildActionMask = 2147483647;
			files = (
			);
			runOnlyForDeploymentPostprocessing = 0;
		};
/* End PBXFrameworksBuildPhase section */

/* Begin PBXGroup section */
		193DC271215BFBA200A8E445 = {
			isa = PBXGroup;
			children = (
				193DC27C215BFBA200A8E445 /* Assembler */,
				19561AA2215C178E00D19CA9 /* AssemblerTests */,
				193DC27B215BFBA200A8E445 /* Products */,
			);
			sourceTree = "<group>";
		};
		193DC27B215BFBA200A8E445 /* Products */ = {
			isa = PBXGroup;
			children = (
				193DC27A215BFBA200A8E445 /* assembler */,
				19561AA1215C178E00D19CA9 /* AssemblerTests.xctest */,
			);
			name = Products;
			sourceTree = "<group>";
		};
		193DC27C215BFBA200A8E445 /* Assembler */ = {
			isa = PBXGroup;
			children = (
				19B3D9F8215FA1FF0021665E /* Code.swift */,
				197B8673215EDE9C0046BC3B /* Command.swift */,
				19B3D9FD216005F60021665E /* IOManager.swift */,
				193DC27D215BFBA200A8E445 /* main.swift */,
				19561A9B215C15D600D19CA9 /* Parser.swift */,
			);
			path = Assembler;
			sourceTree = "<group>";
		};
		19561AA2215C178E00D19CA9 /* AssemblerTests */ = {
			isa = PBXGroup;
			children = (
				19251A3621629FE700098BCF /* testBinary.txt */,
				199DC48C21629EDE00C679F2 /* testAssembly.txt */,
				19561AA3215C178E00D19CA9 /* ParserTests.swift */,
				1948A2C1215F8277007AEAB2 /* CommandTests.swift */,
				19B3D9FA215FA21E0021665E /* CodeTests.swift */,
				19561AA5215C178E00D19CA9 /* Info.plist */,
			);
			path = AssemblerTests;
			sourceTree = "<group>";
		};
/* End PBXGroup section */

/* Begin PBXNativeTarget section */
		193DC279215BFBA200A8E445 /* assembler */ = {
			isa = PBXNativeTarget;
			buildConfigurationList = 193DC281215BFBA200A8E445 /* Build configuration list for PBXNativeTarget "assembler" */;
			buildPhases = (
				193DC276215BFBA200A8E445 /* Sources */,
				193DC277215BFBA200A8E445 /* Frameworks */,
				193DC278215BFBA200A8E445 /* CopyFiles */,
			);
			buildRules = (
			);
			dependencies = (
			);
			name = assembler;
			productName = Assembler;
			productReference = 193DC27A215BFBA200A8E445 /* assembler */;
			productType = "com.apple.product-type.tool";
		};
		19561AA0215C178E00D19CA9 /* AssemblerTests */ = {
			isa = PBXNativeTarget;
			buildConfigurationList = 19561AA6215C178E00D19CA9 /* Build configuration list for PBXNativeTarget "AssemblerTests" */;
			buildPhases = (
				19561A9D215C178E00D19CA9 /* Sources */,
				19561A9E215C178E00D19CA9 /* Frameworks */,
				19561A9F215C178E00D19CA9 /* Resources */,
			);
			buildRules = (
			);
			dependencies = (
			);
			name = AssemblerTests;
			productName = AssemblerTests;
			productReference = 19561AA1215C178E00D19CA9 /* AssemblerTests.xctest */;
			productType = "com.apple.product-type.bundle.unit-test";
		};
/* End PBXNativeTarget section */

/* Begin PBXProject section */
		193DC272215BFBA200A8E445 /* Project object */ = {
			isa = PBXProject;
			attributes = {
				LastSwiftUpdateCheck = 0930;
				LastUpgradeCheck = 0930;
				ORGANIZATIONNAME = me;
				TargetAttributes = {
					193DC279215BFBA200A8E445 = {
						CreatedOnToolsVersion = 9.3.1;
					};
					19561AA0215C178E00D19CA9 = {
						CreatedOnToolsVersion = 9.3.1;
					};
				};
			};
			buildConfigurationList = 193DC275215BFBA200A8E445 /* Build configuration list for PBXProject "Assembler" */;
			compatibilityVersion = "Xcode 9.3";
			developmentRegion = en;
			hasScannedForEncodings = 0;
			knownRegions = (
				en,
			);
			mainGroup = 193DC271215BFBA200A8E445;
			productRefGroup = 193DC27B215BFBA200A8E445 /* Products */;
			projectDirPath = "";
			projectRoot = "";
			targets = (
				193DC279215BFBA200A8E445 /* assembler */,
				19561AA0215C178E00D19CA9 /* AssemblerTests */,
			);
		};
/* End PBXProject section */

/* Begin PBXResourcesBuildPhase section */
		19561A9F215C178E00D19CA9 /* Resources */ = {
			isa = PBXResourcesBuildPhase;
			buildActionMask = 2147483647;
			files = (
				19251A382162A98200098BCF /* testAssembly.txt in Resources */,
				19251A3721629FE700098BCF /* testBinary.txt in Resources */,
			);
			runOnlyForDeploymentPostprocessing = 0;
		};
/* End PBXResourcesBuildPhase section */

/* Begin PBXSourcesBuildPhase section */
		193DC276215BFBA200A8E445 /* Sources */ = {
			isa = PBXSourcesBuildPhase;
			buildActionMask = 2147483647;
			files = (
				19B3D9F9215FA1FF0021665E /* Code.swift in Sources */,
				19561A9C215C15D600D19CA9 /* Parser.swift in Sources */,
				193DC27E215BFBA200A8E445 /* main.swift in Sources */,
				19B3D9FE216005F60021665E /* IOManager.swift in Sources */,
				197B8674215EDE9C0046BC3B /* Command.swift in Sources */,
			);
			runOnlyForDeploymentPostprocessing = 0;
		};
		19561A9D215C178E00D19CA9 /* Sources */ = {
			isa = PBXSourcesBuildPhase;
			buildActionMask = 2147483647;
			files = (
				197B866B215C5B0B0046BC3B /* Parser.swift in Sources */,
				19561AA4215C178E00D19CA9 /* ParserTests.swift in Sources */,
				197B8675215EDF160046BC3B /* Command.swift in Sources */,
				1948A2C2215F8277007AEAB2 /* CommandTests.swift in Sources */,
				19B3DA01216006510021665E /* IOManager.swift in Sources */,
				19B3D9FC215FF2880021665E /* Code.swift in Sources */,
				19B3D9FB215FA21E0021665E /* CodeTests.swift in Sources */,
			);
			runOnlyForDeploymentPostprocessing = 0;
		};
/* End PBXSourcesBuildPhase section */

/* Begin XCBuildConfiguration section */
		193DC27F215BFBA200A8E445 /* Debug */ = {
			isa = XCBuildConfiguration;
			buildSettings = {
				ALWAYS_SEARCH_USER_PATHS = NO;
				CLANG_ANALYZER_NONNULL = YES;
				CLANG_ANALYZER_NUMBER_OBJECT_CONVERSION = YES_AGGRESSIVE;
				CLANG_CXX_LANGUAGE_STANDARD = "gnu++14";
				CLANG_CXX_LIBRARY = "libc++";
				CLANG_ENABLE_MODULES = YES;
				CLANG_ENABLE_OBJC_ARC = YES;
				CLANG_ENABLE_OBJC_WEAK = YES;
				CLANG_WARN_BLOCK_CAPTURE_AUTORELEASING = YES;
				CLANG_WARN_BOOL_CONVERSION = YES;
				CLANG_WARN_COMMA = YES;
				CLANG_WARN_CONSTANT_CONVERSION = YES;
				CLANG_WARN_DEPRECATED_OBJC_IMPLEMENTATIONS = YES;
				CLANG_WARN_DIRECT_OBJC_ISA_USAGE = YES_ERROR;
				CLANG_WARN_DOCUMENTATION_COMMENTS = YES;
				CLANG_WARN_EMPTY_BODY = YES;
				CLANG_WARN_ENUM_CONVERSION = YES;
				CLANG_WARN_INFINITE_RECURSION = YES;
				CLANG_WARN_INT_CONVERSION = YES;
				CLANG_WARN_NON_LITERAL_NULL_CONVERSION = YES;
				CLANG_WARN_OBJC_IMPLICIT_RETAIN_SELF = YES;
				CLANG_WARN_OBJC_LITERAL_CONVERSION = YES;
				CLANG_WARN_OBJC_ROOT_CLASS = YES_ERROR;
				CLANG_WARN_RANGE_LOOP_ANALYSIS = YES;
				CLANG_WARN_STRICT_PROTOTYPES = YES;
				CLANG_WARN_SUSPICIOUS_MOVE = YES;
				CLANG_WARN_UNGUARDED_AVAILABILITY = YES_AGGRESSIVE;
				CLANG_WARN_UNREACHABLE_CODE = YES;
				CLANG_WARN__DUPLICATE_METHOD_MATCH = YES;
				CODE_SIGN_IDENTITY = "-";
				COPY_PHASE_STRIP = NO;
				DEBUG_INFORMATION_FORMAT = dwarf;
				ENABLE_STRICT_OBJC_MSGSEND = YES;
				ENABLE_TESTABILITY = YES;
				GCC_C_LANGUAGE_STANDARD = gnu11;
				GCC_DYNAMIC_NO_PIC = NO;
				GCC_NO_COMMON_BLOCKS = YES;
				GCC_OPTIMIZATION_LEVEL = 0;
				GCC_PREPROCESSOR_DEFINITIONS = (
					"DEBUG=1",
					"$(inherited)",
				);
				GCC_WARN_64_TO_32_BIT_CONVERSION = YES;
				GCC_WARN_ABOUT_RETURN_TYPE = YES_ERROR;
				GCC_WARN_UNDECLARED_SELECTOR = YES;
				GCC_WARN_UNINITIALIZED_AUTOS = YES_AGGRESSIVE;
				GCC_WARN_UNUSED_FUNCTION = YES;
				GCC_WARN_UNUSED_VARIABLE = YES;
				MACOSX_DEPLOYMENT_TARGET = 10.13;
				MTL_ENABLE_DEBUG_INFO = YES;
				ONLY_ACTIVE_ARCH = YES;
				SDKROOT = macosx;
				SWIFT_ACTIVE_COMPILATION_CONDITIONS = DEBUG;
				SWIFT_OPTIMIZATION_LEVEL = "-Onone";
			};
			name = Debug;
		};
		193DC280215BFBA200A8E445 /* Release */ = {
			isa = XCBuildConfiguration;
			buildSettings = {
				ALWAYS_SEARCH_USER_PATHS = NO;
				CLANG_ANALYZER_NONNULL = YES;
				CLANG_ANALYZER_NUMBER_OBJECT_CONVERSION = YES_AGGRESSIVE;
				CLANG_CXX_LANGUAGE_STANDARD = "gnu++14";
				CLANG_CXX_LIBRARY = "libc++";
				CLANG_ENABLE_MODULES = YES;
				CLANG_ENABLE_OBJC_ARC = YES;
				CLANG_ENABLE_OBJC_WEAK = YES;
				CLANG_WARN_BLOCK_CAPTURE_AUTORELEASING = YES;
				CLANG_WARN_BOOL_CONVERSION = YES;
				CLANG_WARN_COMMA = YES;
				CLANG_WARN_CONSTANT_CONVERSION = YES;
				CLANG_WARN_DEPRECATED_OBJC_IMPLEMENTATIONS = YES;
				CLANG_WARN_DIRECT_OBJC_ISA_USAGE = YES_ERROR;
				CLANG_WARN_DOCUMENTATION_COMMENTS = YES;
				CLANG_WARN_EMPTY_BODY = YES;
				CLANG_WARN_ENUM_CONVERSION = YES;
				CLANG_WARN_INFINITE_RECURSION = YES;
				CLANG_WARN_INT_CONVERSION = YES;
				CLANG_WARN_NON_LITERAL_NULL_CONVERSION = YES;
				CLANG_WARN_OBJC_IMPLICIT_RETAIN_SELF = YES;
				CLANG_WARN_OBJC_LITERAL_CONVERSION = YES;
				CLANG_WARN_OBJC_ROOT_CLASS = YES_ERROR;
				CLANG_WARN_RANGE_LOOP_ANALYSIS = YES;
				CLANG_WARN_STRICT_PROTOTYPES = YES;
				CLANG_WARN_SUSPICIOUS_MOVE = YES;
				CLANG_WARN_UNGUARDED_AVAILABILITY = YES_AGGRESSIVE;
				CLANG_WARN_UNREACHABLE_CODE = YES;
				CLANG_WARN__DUPLICATE_METHOD_MATCH = YES;
				CODE_SIGN_IDENTITY = "-";
				COPY_PHASE_STRIP = NO;
				DEBUG_INFORMATION_FORMAT = "dwarf-with-dsym";
				ENABLE_NS_ASSERTIONS = NO;
				ENABLE_STRICT_OBJC_MSGSEND = YES;
				GCC_C_LANGUAGE_STANDARD = gnu11;
				GCC_NO_COMMON_BLOCKS = YES;
				GCC_WARN_64_TO_32_BIT_CONVERSION = YES;
				GCC_WARN_ABOUT_RETURN_TYPE = YES_ERROR;
				GCC_WARN_UNDECLARED_SELECTOR = YES;
				GCC_WARN_UNINITIALIZED_AUTOS = YES_AGGRESSIVE;
				GCC_WARN_UNUSED_FUNCTION = YES;
				GCC_WARN_UNUSED_VARIABLE = YES;
				MACOSX_DEPLOYMENT_TARGET = 10.13;
				MTL_ENABLE_DEBUG_INFO = NO;
				SDKROOT = macosx;
				SWIFT_COMPILATION_MODE = wholemodule;
				SWIFT_OPTIMIZATION_LEVEL = "-O";
			};
			name = Release;
		};
		193DC282215BFBA200A8E445 /* Debug */ = {
			isa = XCBuildConfiguration;
			buildSettings = {
				CODE_SIGN_STYLE = Automatic;
				GCC_SYMBOLS_PRIVATE_EXTERN = NO;
				PRODUCT_NAME = "$(TARGET_NAME)";
				SWIFT_VERSION = 4.0;
			};
			name = Debug;
		};
		193DC283215BFBA200A8E445 /* Release */ = {
			isa = XCBuildConfiguration;
			buildSettings = {
				CODE_SIGN_STYLE = Automatic;
				GCC_SYMBOLS_PRIVATE_EXTERN = NO;
				PRODUCT_NAME = "$(TARGET_NAME)";
				SWIFT_VERSION = 4.0;
			};
			name = Release;
		};
		19561AA7215C178E00D19CA9 /* Debug */ = {
			isa = XCBuildConfiguration;
			buildSettings = {
				BUNDLE_LOADER = "";
				CODE_SIGN_STYLE = Automatic;
				COMBINE_HIDPI_IMAGES = YES;
				INFOPLIST_FILE = AssemblerTests/Info.plist;
				LD_RUNPATH_SEARCH_PATHS = (
					"$(inherited)",
					"@executable_path/../Frameworks",
					"@loader_path/../Frameworks",
				);
				PRODUCT_BUNDLE_IDENTIFIER = com.me.AssemblerTests;
				PRODUCT_NAME = "$(TARGET_NAME)";
				SWIFT_VERSION = 4.0;
				TEST_HOST = "";
			};
			name = Debug;
		};
		19561AA8215C178E00D19CA9 /* Release */ = {
			isa = XCBuildConfiguration;
			buildSettings = {
				BUNDLE_LOADER = "";
				CODE_SIGN_STYLE = Automatic;
				COMBINE_HIDPI_IMAGES = YES;
				INFOPLIST_FILE = AssemblerTests/Info.plist;
				LD_RUNPATH_SEARCH_PATHS = (
					"$(inherited)",
					"@executable_path/../Frameworks",
					"@loader_path/../Frameworks",
				);
				PRODUCT_BUNDLE_IDENTIFIER = com.me.AssemblerTests;
				PRODUCT_NAME = "$(TARGET_NAME)";
				SWIFT_VERSION = 4.0;
				TEST_HOST = "";
			};
			name = Release;
		};
/* End XCBuildConfiguration section */

/* Begin XCConfigurationList section */
		193DC275215BFBA200A8E445 /* Build configuration list for PBXProject "Assembler" */ = {
			isa = XCConfigurationList;
			buildConfigurations = (
				193DC27F215BFBA200A8E445 /* Debug */,
				193DC280215BFBA200A8E445 /* Release */,
			);
			defaultConfigurationIsVisible = 0;
			defaultConfigurationName = Release;
		};
		193DC281215BFBA200A8E445 /* Build configuration list for PBXNativeTarget "assembler" */ = {
			isa = XCConfigurationList;
			buildConfigurations = (
				193DC282215BFBA200A8E445 /* Debug */,
				193DC283215BFBA200A8E445 /* Release */,
			);
			defaultConfigurationIsVisible = 0;
			defaultConfigurationName = Release;
		};
		19561AA6215C178E00D19CA9 /* Build configuration list for PBXNativeTarget "AssemblerTests" */ = {
			isa = XCConfigurationList;
			buildConfigurations = (
				19561AA7215C178E00D19CA9 /* Debug */,
				19561AA8215C178E00D19CA9 /* Release */,
			);
			defaultConfigurationIsVisible = 0;
			defaultConfigurationName = Release;
		};
/* End XCConfigurationList section */
	};
	rootObject = 193DC272215BFBA200A8E445 /* Project object */;
}
